
Microsoft Visual Studio Solution File, Format Version 12.00
# Visual Studio Version 17
VisualStudioVersion = 17.10.34928.147
MinimumVisualStudioVersion = 10.0.40219.1
Project("{FAE04EC0-301F-11D3-BF4B-00C04F79EFBC}") = "ITCompany", "ITCompany\ITCompany.csproj", "{DB613861-CD18-4936-9ED0-D531CDE980AF}"
EndProject
Global
	GlobalSection(SolutionConfigurationPlatforms) = preSolution
		Debug|Any CPU = Debug|Any CPU
		Release|Any CPU = Release|Any CPU
	EndGlobalSection
	GlobalSection(ProjectConfigurationPlatforms) = postSolution
		{DB613861-CD18-4936-9ED0-D531CDE980AF}.Debug|Any CPU.ActiveCfg = Debug|Any CPU
		{DB613861-CD18-4936-9ED0-D531CDE980AF}.Debug|Any CPU.Build.0 = Debug|Any CPU
		{DB613861-CD18-4936-9ED0-D531CDE980AF}.Release|Any CPU.ActiveCfg = Release|Any CPU
		{DB613861-CD18-4936-9ED0-D531CDE980AF}.Release|Any CPU.Build.0 = Release|Any CPU
	EndGlobalSection
	GlobalSection(SolutionProperties) = preSolution
		HideSolutionNode = FALSE
	EndGlobalSection
	GlobalSection(ExtensibilityGlobals) = postSolution
		SolutionGuid = {E6332C08-B4A9-4D4C-8090-3CD88709616C}
	EndGlobalSection
EndGlobal
