
Microsoft Visual Studio Solution File, Format Version 12.00
# Visual Studio Version 17
VisualStudioVersion = 17.9.34622.214
MinimumVisualStudioVersion = 10.0.40219.1
Project("{FAE04EC0-301F-11D3-BF4B-00C04F79EFBC}") = "AuthorAndBooks", "AuthorAndBooks\AuthorAndBooks.csproj", "{1767CD89-BA7D-4C36-89B8-750880A573DD}"
EndProject
Global
	GlobalSection(SolutionConfigurationPlatforms) = preSolution
		Debug|Any CPU = Debug|Any CPU
		Release|Any CPU = Release|Any CPU
	EndGlobalSection
	GlobalSection(ProjectConfigurationPlatforms) = postSolution
		{1767CD89-BA7D-4C36-89B8-750880A573DD}.Debug|Any CPU.ActiveCfg = Debug|Any CPU
		{1767CD89-BA7D-4C36-89B8-750880A573DD}.Debug|Any CPU.Build.0 = Debug|Any CPU
		{1767CD89-BA7D-4C36-89B8-750880A573DD}.Release|Any CPU.ActiveCfg = Release|Any CPU
		{1767CD89-BA7D-4C36-89B8-750880A573DD}.Release|Any CPU.Build.0 = Release|Any CPU
	EndGlobalSection
	GlobalSection(SolutionProperties) = preSolution
		HideSolutionNode = FALSE
	EndGlobalSection
	GlobalSection(ExtensibilityGlobals) = postSolution
		SolutionGuid = {2E0B7B37-BD31-4FCC-B3BF-943728A3749B}
	EndGlobalSection
EndGlobal
