
Microsoft Visual Studio Solution File, Format Version 12.00
# Visual Studio Version 17
VisualStudioVersion = 17.9.34622.214
MinimumVisualStudioVersion = 10.0.40219.1
Project("{9A19103F-16F7-4668-BE54-9A1E7A4F7556}") = "Volkov_HW_Entity_2", "Volkov_HW_Entity_2\Volkov_HW_Entity_2.csproj", "{0E8295AC-0809-4FBA-87C2-60FB536F45E0}"
EndProject
Project("{FAE04EC0-301F-11D3-BF4B-00C04F79EFBC}") = "Country", "Country\Country.csproj", "{8BF39C48-BECB-4A9C-8997-E6431D341A5A}"
EndProject
Project("{FAE04EC0-301F-11D3-BF4B-00C04F79EFBC}") = "DBContext", "DBContext\DBContext.csproj", "{3DBD0A56-B796-4BF0-9E29-2782F01B5A66}"
EndProject
Global
	GlobalSection(SolutionConfigurationPlatforms) = preSolution
		Debug|Any CPU = Debug|Any CPU
		Release|Any CPU = Release|Any CPU
	EndGlobalSection
	GlobalSection(ProjectConfigurationPlatforms) = postSolution
		{0E8295AC-0809-4FBA-87C2-60FB536F45E0}.Debug|Any CPU.ActiveCfg = Debug|Any CPU
		{0E8295AC-0809-4FBA-87C2-60FB536F45E0}.Debug|Any CPU.Build.0 = Debug|Any CPU
		{0E8295AC-0809-4FBA-87C2-60FB536F45E0}.Release|Any CPU.ActiveCfg = Release|Any CPU
		{0E8295AC-0809-4FBA-87C2-60FB536F45E0}.Release|Any CPU.Build.0 = Release|Any CPU
		{8BF39C48-BECB-4A9C-8997-E6431D341A5A}.Debug|Any CPU.ActiveCfg = Debug|Any CPU
		{8BF39C48-BECB-4A9C-8997-E6431D341A5A}.Debug|Any CPU.Build.0 = Debug|Any CPU
		{8BF39C48-BECB-4A9C-8997-E6431D341A5A}.Release|Any CPU.ActiveCfg = Release|Any CPU
		{8BF39C48-BECB-4A9C-8997-E6431D341A5A}.Release|Any CPU.Build.0 = Release|Any CPU
		{3DBD0A56-B796-4BF0-9E29-2782F01B5A66}.Debug|Any CPU.ActiveCfg = Debug|Any CPU
		{3DBD0A56-B796-4BF0-9E29-2782F01B5A66}.Debug|Any CPU.Build.0 = Debug|Any CPU
		{3DBD0A56-B796-4BF0-9E29-2782F01B5A66}.Release|Any CPU.ActiveCfg = Release|Any CPU
		{3DBD0A56-B796-4BF0-9E29-2782F01B5A66}.Release|Any CPU.Build.0 = Release|Any CPU
	EndGlobalSection
	GlobalSection(SolutionProperties) = preSolution
		HideSolutionNode = FALSE
	EndGlobalSection
	GlobalSection(ExtensibilityGlobals) = postSolution
		SolutionGuid = {E7FBF0E2-09BB-49CA-9AED-E93419FD37F0}
	EndGlobalSection
EndGlobal
